
Microsoft Visual Studio Solution File, Format Version 12.00
# Visual Studio 15
VisualStudioVersion = 15.0.26124.0
MinimumVisualStudioVersion = 15.0.26124.0
Project("{FAE04EC0-301F-11D3-BF4B-00C04F79EFBC}") = "Container.Test", "Container.Test\Container.Test.csproj", "{E38972BF-040F-4992-A56E-B8BC69F54DCD}"
EndProject
Project("{FAE04EC0-301F-11D3-BF4B-00C04F79EFBC}") = "Cotidico.Generator", "Cotidico.Generator\Cotidico.Generator.csproj", "{A162E988-D4C7-4981-AE25-2A1CCDE241B5}"
EndProject
Project("{FAE04EC0-301F-11D3-BF4B-00C04F79EFBC}") = "Cotidico.External", "Cotidico.External\Cotidico.External.csproj", "{C97438EA-958C-426A-9478-150A8FF2B604}"
EndProject
Global
	GlobalSection(SolutionConfigurationPlatforms) = preSolution
		Debug|Any CPU = Debug|Any CPU
		Debug|x64 = Debug|x64
		Debug|x86 = Debug|x86
		Release|Any CPU = Release|Any CPU
		Release|x64 = Release|x64
		Release|x86 = Release|x86
	EndGlobalSection
	GlobalSection(SolutionProperties) = preSolution
		HideSolutionNode = FALSE
	EndGlobalSection
	GlobalSection(ProjectConfigurationPlatforms) = postSolution
		{E38972BF-040F-4992-A56E-B8BC69F54DCD}.Debug|Any CPU.ActiveCfg = Debug|Any CPU
		{E38972BF-040F-4992-A56E-B8BC69F54DCD}.Debug|Any CPU.Build.0 = Debug|Any CPU
		{E38972BF-040F-4992-A56E-B8BC69F54DCD}.Debug|x64.ActiveCfg = Debug|Any CPU
		{E38972BF-040F-4992-A56E-B8BC69F54DCD}.Debug|x64.Build.0 = Debug|Any CPU
		{E38972BF-040F-4992-A56E-B8BC69F54DCD}.Debug|x86.ActiveCfg = Debug|Any CPU
		{E38972BF-040F-4992-A56E-B8BC69F54DCD}.Debug|x86.Build.0 = Debug|Any CPU
		{E38972BF-040F-4992-A56E-B8BC69F54DCD}.Release|Any CPU.ActiveCfg = Release|Any CPU
		{E38972BF-040F-4992-A56E-B8BC69F54DCD}.Release|Any CPU.Build.0 = Release|Any CPU
		{E38972BF-040F-4992-A56E-B8BC69F54DCD}.Release|x64.ActiveCfg = Release|Any CPU
		{E38972BF-040F-4992-A56E-B8BC69F54DCD}.Release|x64.Build.0 = Release|Any CPU
		{E38972BF-040F-4992-A56E-B8BC69F54DCD}.Release|x86.ActiveCfg = Release|Any CPU
		{E38972BF-040F-4992-A56E-B8BC69F54DCD}.Release|x86.Build.0 = Release|Any CPU
		{A162E988-D4C7-4981-AE25-2A1CCDE241B5}.Debug|Any CPU.ActiveCfg = Debug|Any CPU
		{A162E988-D4C7-4981-AE25-2A1CCDE241B5}.Debug|Any CPU.Build.0 = Debug|Any CPU
		{A162E988-D4C7-4981-AE25-2A1CCDE241B5}.Debug|x64.ActiveCfg = Debug|Any CPU
		{A162E988-D4C7-4981-AE25-2A1CCDE241B5}.Debug|x64.Build.0 = Debug|Any CPU
		{A162E988-D4C7-4981-AE25-2A1CCDE241B5}.Debug|x86.ActiveCfg = Debug|Any CPU
		{A162E988-D4C7-4981-AE25-2A1CCDE241B5}.Debug|x86.Build.0 = Debug|Any CPU
		{A162E988-D4C7-4981-AE25-2A1CCDE241B5}.Release|Any CPU.ActiveCfg = Release|Any CPU
		{A162E988-D4C7-4981-AE25-2A1CCDE241B5}.Release|Any CPU.Build.0 = Release|Any CPU
		{A162E988-D4C7-4981-AE25-2A1CCDE241B5}.Release|x64.ActiveCfg = Release|Any CPU
		{A162E988-D4C7-4981-AE25-2A1CCDE241B5}.Release|x64.Build.0 = Release|Any CPU
		{A162E988-D4C7-4981-AE25-2A1CCDE241B5}.Release|x86.ActiveCfg = Release|Any CPU
		{A162E988-D4C7-4981-AE25-2A1CCDE241B5}.Release|x86.Build.0 = Release|Any CPU
		{C97438EA-958C-426A-9478-150A8FF2B604}.Debug|Any CPU.ActiveCfg = Debug|Any CPU
		{C97438EA-958C-426A-9478-150A8FF2B604}.Debug|Any CPU.Build.0 = Debug|Any CPU
		{C97438EA-958C-426A-9478-150A8FF2B604}.Debug|x64.ActiveCfg = Debug|Any CPU
		{C97438EA-958C-426A-9478-150A8FF2B604}.Debug|x64.Build.0 = Debug|Any CPU
		{C97438EA-958C-426A-9478-150A8FF2B604}.Debug|x86.ActiveCfg = Debug|Any CPU
		{C97438EA-958C-426A-9478-150A8FF2B604}.Debug|x86.Build.0 = Debug|Any CPU
		{C97438EA-958C-426A-9478-150A8FF2B604}.Release|Any CPU.ActiveCfg = Release|Any CPU
		{C97438EA-958C-426A-9478-150A8FF2B604}.Release|Any CPU.Build.0 = Release|Any CPU
		{C97438EA-958C-426A-9478-150A8FF2B604}.Release|x64.ActiveCfg = Release|Any CPU
		{C97438EA-958C-426A-9478-150A8FF2B604}.Release|x64.Build.0 = Release|Any CPU
		{C97438EA-958C-426A-9478-150A8FF2B604}.Release|x86.ActiveCfg = Release|Any CPU
		{C97438EA-958C-426A-9478-150A8FF2B604}.Release|x86.Build.0 = Release|Any CPU
	EndGlobalSection
EndGlobal
